
Microsoft Visual Studio Solution File, Format Version 12.00
# Visual Studio Version 17
VisualStudioVersion = 17.2.32519.379
MinimumVisualStudioVersion = 10.0.40219.1
Project("{9A19103F-16F7-4668-BE54-9A1E7A4F7556}") = "MinhaApi", "MinhaApi\MinhaApi.csproj", "{AECADC38-4087-4DCC-8F3E-AAE3A3273DD9}"
EndProject
Project("{FAE04EC0-301F-11D3-BF4B-00C04F79EFBC}") = "ConsoleApp1", "ConsoleApp1\ConsoleApp1.csproj", "{4941A75E-7C9C-4F04-B091-11927C1CD05A}"
EndProject
Global
	GlobalSection(SolutionConfigurationPlatforms) = preSolution
		Debug|Any CPU = Debug|Any CPU
		Release|Any CPU = Release|Any CPU
	EndGlobalSection
	GlobalSection(ProjectConfigurationPlatforms) = postSolution
		{AECADC38-4087-4DCC-8F3E-AAE3A3273DD9}.Debug|Any CPU.ActiveCfg = Debug|Any CPU
		{AECADC38-4087-4DCC-8F3E-AAE3A3273DD9}.Debug|Any CPU.Build.0 = Debug|Any CPU
		{AECADC38-4087-4DCC-8F3E-AAE3A3273DD9}.Release|Any CPU.ActiveCfg = Release|Any CPU
		{AECADC38-4087-4DCC-8F3E-AAE3A3273DD9}.Release|Any CPU.Build.0 = Release|Any CPU
		{4941A75E-7C9C-4F04-B091-11927C1CD05A}.Debug|Any CPU.ActiveCfg = Debug|Any CPU
		{4941A75E-7C9C-4F04-B091-11927C1CD05A}.Debug|Any CPU.Build.0 = Debug|Any CPU
		{4941A75E-7C9C-4F04-B091-11927C1CD05A}.Release|Any CPU.ActiveCfg = Release|Any CPU
		{4941A75E-7C9C-4F04-B091-11927C1CD05A}.Release|Any CPU.Build.0 = Release|Any CPU
	EndGlobalSection
	GlobalSection(SolutionProperties) = preSolution
		HideSolutionNode = FALSE
	EndGlobalSection
	GlobalSection(ExtensibilityGlobals) = postSolution
		SolutionGuid = {B8A4D433-F3C2-4DDF-B76D-F8EEF5B5E7A7}
	EndGlobalSection
EndGlobal
